
Microsoft Visual Studio Solution File, Format Version 12.00
# Visual Studio Version 17
VisualStudioVersion = 17.2.32630.192
MinimumVisualStudioVersion = 10.0.40219.1
Project("{FAE04EC0-301F-11D3-BF4B-00C04F79EFBC}") = "University Project", "University Project\University Project.csproj", "{A1B08A6E-743C-4E70-B184-99F37C6C66D8}"
EndProject
Global
	GlobalSection(SolutionConfigurationPlatforms) = preSolution
		Debug|Any CPU = Debug|Any CPU
		Release|Any CPU = Release|Any CPU
	EndGlobalSection
	GlobalSection(ProjectConfigurationPlatforms) = postSolution
		{A1B08A6E-743C-4E70-B184-99F37C6C66D8}.Debug|Any CPU.ActiveCfg = Debug|Any CPU
		{A1B08A6E-743C-4E70-B184-99F37C6C66D8}.Debug|Any CPU.Build.0 = Debug|Any CPU
		{A1B08A6E-743C-4E70-B184-99F37C6C66D8}.Release|Any CPU.ActiveCfg = Release|Any CPU
		{A1B08A6E-743C-4E70-B184-99F37C6C66D8}.Release|Any CPU.Build.0 = Release|Any CPU
	EndGlobalSection
	GlobalSection(SolutionProperties) = preSolution
		HideSolutionNode = FALSE
	EndGlobalSection
	GlobalSection(ExtensibilityGlobals) = postSolution
		SolutionGuid = {40F78CDC-E962-4954-B587-75EAD15BCAE7}
	EndGlobalSection
EndGlobal
